
Microsoft Visual Studio Solution File, Format Version 12.00
# Visual Studio 2013
VisualStudioVersion = 12.0.30723.0
MinimumVisualStudioVersion = 10.0.40219.1
Project("{FAE04EC0-301F-11D3-BF4B-00C04F79EFBC}") = "BenfordsDisk", "BenfordsDisk\BenfordsDisk.csproj", "{8282F420-0B9A-49C6-892B-F51DC84A0721}"
EndProject
Global
	GlobalSection(SolutionConfigurationPlatforms) = preSolution
		Debug|Any CPU = Debug|Any CPU
		Release|Any CPU = Release|Any CPU
	EndGlobalSection
	GlobalSection(ProjectConfigurationPlatforms) = postSolution
		{8282F420-0B9A-49C6-892B-F51DC84A0721}.Debug|Any CPU.ActiveCfg = Debug|Any CPU
		{8282F420-0B9A-49C6-892B-F51DC84A0721}.Debug|Any CPU.Build.0 = Debug|Any CPU
		{8282F420-0B9A-49C6-892B-F51DC84A0721}.Release|Any CPU.ActiveCfg = Release|Any CPU
		{8282F420-0B9A-49C6-892B-F51DC84A0721}.Release|Any CPU.Build.0 = Release|Any CPU
	EndGlobalSection
	GlobalSection(SolutionProperties) = preSolution
		HideSolutionNode = FALSE
	EndGlobalSection
EndGlobal
